{
  "name": "bayjdo-webapp",
  "version": "0.0.1",
  "lockfileVersion": 1,
  "requires": true,
  "dependencies": {
    "streamsaver": {
      "version": "2.0.4",
      "resolved": "https://registry.npmjs.org/streamsaver/-/streamsaver-2.0.4.tgz",
      "integrity": "sha512-rGES0zmHIPxinV32H2Dz55qgOE5dXui8yfu+JEjPAI294cDmwX4Oe7tCZLrnhjc/1z7hyIv9H6TMH2kqN2Tdqw=="
    }
  }
}
